// !$*UTF8*$!
{
	archiveVersion = 1;
	classes = {
	};
	objectVersion = 50;
	objects = {

/* Begin PBXBuildFile section */
		24AEF94224FFAD17004D7A5A /* AppDelegate.swift in Sources */ = {isa = PBXBuildFile; fileRef = 24AEF94124FFAD17004D7A5A /* AppDelegate.swift */; };
		24AEF94424FFAD17004D7A5A /* GameScene.sks in Resources */ = {isa = PBXBuildFile; fileRef = 24AEF94324FFAD17004D7A5A /* GameScene.sks */; };
		24AEF94624FFAD17004D7A5A /* Actions.sks in Resources */ = {isa = PBXBuildFile; fileRef = 24AEF94524FFAD17004D7A5A /* Actions.sks */; };
		24AEF94824FFAD17004D7A5A /* GameScene.swift in Sources */ = {isa = PBXBuildFile; fileRef = 24AEF94724FFAD17004D7A5A /* GameScene.swift */; };
		24AEF94A24FFAD17004D7A5A /* GameViewController.swift in Sources */ = {isa = PBXBuildFile; fileRef = 24AEF94924FFAD17004D7A5A /* GameViewController.swift */; };
		24AEF94D24FFAD17004D7A5A /* Main.storyboard in Resources */ = {isa = PBXBuildFile; fileRef = 24AEF94B24FFAD17004D7A5A /* Main.storyboard */; };
		24AEF94F24FFAD1B004D7A5A /* Assets.xcassets in Resources */ = {isa = PBXBuildFile; fileRef = 24AEF94E24FFAD1B004D7A5A /* Assets.xcassets */; };
		24AEF95224FFAD1B004D7A5A /* LaunchScreen.storyboard in Resources */ = {isa = PBXBuildFile; fileRef = 24AEF95024FFAD1B004D7A5A /* LaunchScreen.storyboard */; };
		24AEF95A24FFC032004D7A5A /* PlayerNode.swift in Sources */ = {isa = PBXBuildFile; fileRef = 24AEF95924FFC032004D7A5A /* PlayerNode.swift */; };
		24AEF95C24FFC819004D7A5A /* Geometry.swift in Sources */ = {isa = PBXBuildFile; fileRef = 24AEF95B24FFC819004D7A5A /* Geometry.swift */; };
		24AEF95E24FFCF07004D7A5A /* EnemyNode.swift in Sources */ = {isa = PBXBuildFile; fileRef = 24AEF95D24FFCF07004D7A5A /* EnemyNode.swift */; };
		24AEF960250156EA004D7A5A /* PhysicsCategories.swift in Sources */ = {isa = PBXBuildFile; fileRef = 24AEF95F250156EA004D7A5A /* PhysicsCategories.swift */; };
		24AEF962250157F8004D7A5A /* BulletNode.swift in Sources */ = {isa = PBXBuildFile; fileRef = 24AEF961250157F8004D7A5A /* BulletNode.swift */; };
		24AEF9642503EA19004D7A5A /* SKNode+Extra.swift in Sources */ = {isa = PBXBuildFile; fileRef = 24AEF9632503EA19004D7A5A /* SKNode+Extra.swift */; };
		24AEF9662503F35F004D7A5A /* MissileExplosion.sks in Resources */ = {isa = PBXBuildFile; fileRef = 24AEF9652503F35F004D7A5A /* MissileExplosion.sks */; };
		24AEF9682503F61F004D7A5A /* EnemyExplosion.sks in Resources */ = {isa = PBXBuildFile; fileRef = 24AEF9672503F61F004D7A5A /* EnemyExplosion.sks */; };
		24AEF96A25040198004D7A5A /* GameOverScene.swift in Sources */ = {isa = PBXBuildFile; fileRef = 24AEF96925040198004D7A5A /* GameOverScene.swift */; };
		24AEF96C250404D8004D7A5A /* StartScene.swift in Sources */ = {isa = PBXBuildFile; fileRef = 24AEF96B250404D8004D7A5A /* StartScene.swift */; };
		24AEF972250408D0004D7A5A /* gameStart.wav in Resources */ = {isa = PBXBuildFile; fileRef = 24AEF96D250408D0004D7A5A /* gameStart.wav */; };
		24AEF973250408D0004D7A5A /* enemyHit.wav in Resources */ = {isa = PBXBuildFile; fileRef = 24AEF96E250408D0004D7A5A /* enemyHit.wav */; };
		24AEF974250408D0004D7A5A /* shoot.wav in Resources */ = {isa = PBXBuildFile; fileRef = 24AEF96F250408D0004D7A5A /* shoot.wav */; };
		24AEF975250408D0004D7A5A /* playerHit.wav in Resources */ = {isa = PBXBuildFile; fileRef = 24AEF970250408D0004D7A5A /* playerHit.wav */; };
		24AEF976250408D0004D7A5A /* gameOver.wav in Resources */ = {isa = PBXBuildFile; fileRef = 24AEF971250408D0004D7A5A /* gameOver.wav */; };
/* End PBXBuildFile section */

/* Begin PBXFileReference section */
		24AEF93E24FFAD17004D7A5A /* TextShooter.app */ = {isa = PBXFileReference; explicitFileType = wrapper.application; includeInIndex = 0; path = TextShooter.app; sourceTree = BUILT_PRODUCTS_DIR; };
		24AEF94124FFAD17004D7A5A /* AppDelegate.swift */ = {isa = PBXFileReference; lastKnownFileType = sourcecode.swift; path = AppDelegate.swift; sourceTree = "<group>"; };
		24AEF94324FFAD17004D7A5A /* GameScene.sks */ = {isa = PBXFileReference; lastKnownFileType = file.sks; path = GameScene.sks; sourceTree = "<group>"; };
		24AEF94524FFAD17004D7A5A /* Actions.sks */ = {isa = PBXFileReference; lastKnownFileType = file.sks; path = Actions.sks; sourceTree = "<group>"; };
		24AEF94724FFAD17004D7A5A /* GameScene.swift */ = {isa = PBXFileReference; lastKnownFileType = sourcecode.swift; path = GameScene.swift; sourceTree = "<group>"; };
		24AEF94924FFAD17004D7A5A /* GameViewController.swift */ = {isa = PBXFileReference; lastKnownFileType = sourcecode.swift; path = GameViewController.swift; sourceTree = "<group>"; };
		24AEF94C24FFAD17004D7A5A /* Base */ = {isa = PBXFileReference; lastKnownFileType = file.storyboard; name = Base; path = Base.lproj/Main.storyboard; sourceTree = "<group>"; };
		24AEF94E24FFAD1B004D7A5A /* Assets.xcassets */ = {isa = PBXFileReference; lastKnownFileType = folder.assetcatalog; path = Assets.xcassets; sourceTree = "<group>"; };
		24AEF95124FFAD1B004D7A5A /* Base */ = {isa = PBXFileReference; lastKnownFileType = file.storyboard; name = Base; path = Base.lproj/LaunchScreen.storyboard; sourceTree = "<group>"; };
		24AEF95324FFAD1B004D7A5A /* Info.plist */ = {isa = PBXFileReference; lastKnownFileType = text.plist.xml; path = Info.plist; sourceTree = "<group>"; };
		24AEF95924FFC032004D7A5A /* PlayerNode.swift */ = {isa = PBXFileReference; lastKnownFileType = sourcecode.swift; path = PlayerNode.swift; sourceTree = "<group>"; };
		24AEF95B24FFC819004D7A5A /* Geometry.swift */ = {isa = PBXFileReference; lastKnownFileType = sourcecode.swift; path = Geometry.swift; sourceTree = "<group>"; };
		24AEF95D24FFCF07004D7A5A /* EnemyNode.swift */ = {isa = PBXFileReference; lastKnownFileType = sourcecode.swift; path = EnemyNode.swift; sourceTree = "<group>"; };
		24AEF95F250156EA004D7A5A /* PhysicsCategories.swift */ = {isa = PBXFileReference; lastKnownFileType = sourcecode.swift; path = PhysicsCategories.swift; sourceTree = "<group>"; };
		24AEF961250157F8004D7A5A /* BulletNode.swift */ = {isa = PBXFileReference; lastKnownFileType = sourcecode.swift; path = BulletNode.swift; sourceTree = "<group>"; };
		24AEF9632503EA19004D7A5A /* SKNode+Extra.swift */ = {isa = PBXFileReference; lastKnownFileType = sourcecode.swift; path = "SKNode+Extra.swift"; sourceTree = "<group>"; };
		24AEF9652503F35F004D7A5A /* MissileExplosion.sks */ = {isa = PBXFileReference; lastKnownFileType = file.sks; path = MissileExplosion.sks; sourceTree = "<group>"; };
		24AEF9672503F61F004D7A5A /* EnemyExplosion.sks */ = {isa = PBXFileReference; lastKnownFileType = file.sks; path = EnemyExplosion.sks; sourceTree = "<group>"; };
		24AEF96925040198004D7A5A /* GameOverScene.swift */ = {isa = PBXFileReference; lastKnownFileType = sourcecode.swift; path = GameOverScene.swift; sourceTree = "<group>"; };
		24AEF96B250404D8004D7A5A /* StartScene.swift */ = {isa = PBXFileReference; lastKnownFileType = sourcecode.swift; path = StartScene.swift; sourceTree = "<group>"; };
		24AEF96D250408D0004D7A5A /* gameStart.wav */ = {isa = PBXFileReference; lastKnownFileType = audio.wav; name = gameStart.wav; path = "17 - Sound Effects/gameStart.wav"; sourceTree = SOURCE_ROOT; };
		24AEF96E250408D0004D7A5A /* enemyHit.wav */ = {isa = PBXFileReference; lastKnownFileType = audio.wav; name = enemyHit.wav; path = "17 - Sound Effects/enemyHit.wav"; sourceTree = SOURCE_ROOT; };
		24AEF96F250408D0004D7A5A /* shoot.wav */ = {isa = PBXFileReference; lastKnownFileType = audio.wav; name = shoot.wav; path = "17 - Sound Effects/shoot.wav"; sourceTree = SOURCE_ROOT; };
		24AEF970250408D0004D7A5A /* playerHit.wav */ = {isa = PBXFileReference; lastKnownFileType = audio.wav; name = playerHit.wav; path = "17 - Sound Effects/playerHit.wav"; sourceTree = SOURCE_ROOT; };
		24AEF971250408D0004D7A5A /* gameOver.wav */ = {isa = PBXFileReference; lastKnownFileType = audio.wav; name = gameOver.wav; path = "17 - Sound Effects/gameOver.wav"; sourceTree = SOURCE_ROOT; };
/* End PBXFileReference section */

/* Begin PBXFrameworksBuildPhase section */
		24AEF93B24FFAD17004D7A5A /* Frameworks */ = {
			isa = PBXFrameworksBuildPhase;
			buildActionMask = 2147483647;
			files = (
			);
			runOnlyForDeploymentPostprocessing = 0;
		};
/* End PBXFrameworksBuildPhase section */

/* Begin PBXGroup section */
		24AEF93524FFAD17004D7A5A = {
			isa = PBXGroup;
			children = (
				24AEF94024FFAD17004D7A5A /* TextShooter */,
				24AEF93F24FFAD17004D7A5A /* Products */,
			);
			sourceTree = "<group>";
		};
		24AEF93F24FFAD17004D7A5A /* Products */ = {
			isa = PBXGroup;
			children = (
				24AEF93E24FFAD17004D7A5A /* TextShooter.app */,
			);
			name = Products;
			sourceTree = "<group>";
		};
		24AEF94024FFAD17004D7A5A /* TextShooter */ = {
			isa = PBXGroup;
			children = (
				24AEF94124FFAD17004D7A5A /* AppDelegate.swift */,
				24AEF94324FFAD17004D7A5A /* GameScene.sks */,
				24AEF94524FFAD17004D7A5A /* Actions.sks */,
				24AEF94724FFAD17004D7A5A /* GameScene.swift */,
				24AEF96B250404D8004D7A5A /* StartScene.swift */,
				24AEF9652503F35F004D7A5A /* MissileExplosion.sks */,
				24AEF9672503F61F004D7A5A /* EnemyExplosion.sks */,
				24AEF95924FFC032004D7A5A /* PlayerNode.swift */,
				24AEF96925040198004D7A5A /* GameOverScene.swift */,
				24AEF95D24FFCF07004D7A5A /* EnemyNode.swift */,
				24AEF95F250156EA004D7A5A /* PhysicsCategories.swift */,
				24AEF9632503EA19004D7A5A /* SKNode+Extra.swift */,
				24AEF961250157F8004D7A5A /* BulletNode.swift */,
				24AEF95B24FFC819004D7A5A /* Geometry.swift */,
				24AEF94924FFAD17004D7A5A /* GameViewController.swift */,
				24AEF94B24FFAD17004D7A5A /* Main.storyboard */,
				24AEF94E24FFAD1B004D7A5A /* Assets.xcassets */,
				24AEF95024FFAD1B004D7A5A /* LaunchScreen.storyboard */,
				24AEF95324FFAD1B004D7A5A /* Info.plist */,
				24AEF96E250408D0004D7A5A /* enemyHit.wav */,
				24AEF971250408D0004D7A5A /* gameOver.wav */,
				24AEF96D250408D0004D7A5A /* gameStart.wav */,
				24AEF970250408D0004D7A5A /* playerHit.wav */,
				24AEF96F250408D0004D7A5A /* shoot.wav */,
			);
			path = TextShooter;
			sourceTree = "<group>";
		};
/* End PBXGroup section */

/* Begin PBXNativeTarget section */
		24AEF93D24FFAD17004D7A5A /* TextShooter */ = {
			isa = PBXNativeTarget;
			buildConfigurationList = 24AEF95624FFAD1B004D7A5A /* Build configuration list for PBXNativeTarget "TextShooter" */;
			buildPhases = (
				24AEF93A24FFAD17004D7A5A /* Sources */,
				24AEF93B24FFAD17004D7A5A /* Frameworks */,
				24AEF93C24FFAD17004D7A5A /* Resources */,
			);
			buildRules = (
			);
			dependencies = (
			);
			name = TextShooter;
			productName = TextShooter;
			productReference = 24AEF93E24FFAD17004D7A5A /* TextShooter.app */;
			productType = "com.apple.product-type.application";
		};
/* End PBXNativeTarget section */

/* Begin PBXProject section */
		24AEF93624FFAD17004D7A5A /* Project object */ = {
			isa = PBXProject;
			attributes = {
				LastSwiftUpdateCheck = 1150;
				LastUpgradeCheck = 1150;
				ORGANIZATIONNAME = "Владислав Соколов";
				TargetAttributes = {
					24AEF93D24FFAD17004D7A5A = {
						CreatedOnToolsVersion = 11.5;
					};
				};
			};
			buildConfigurationList = 24AEF93924FFAD17004D7A5A /* Build configuration list for PBXProject "TextShooter" */;
			compatibilityVersion = "Xcode 9.3";
			developmentRegion = en;
			hasScannedForEncodings = 0;
			knownRegions = (
				en,
				Base,
			);
			mainGroup = 24AEF93524FFAD17004D7A5A;
			productRefGroup = 24AEF93F24FFAD17004D7A5A /* Products */;
			projectDirPath = "";
			projectRoot = "";
			targets = (
				24AEF93D24FFAD17004D7A5A /* TextShooter */,
			);
		};
/* End PBXProject section */

/* Begin PBXResourcesBuildPhase section */
		24AEF93C24FFAD17004D7A5A /* Resources */ = {
			isa = PBXResourcesBuildPhase;
			buildActionMask = 2147483647;
			files = (
				24AEF9662503F35F004D7A5A /* MissileExplosion.sks in Resources */,
				24AEF973250408D0004D7A5A /* enemyHit.wav in Resources */,
				24AEF972250408D0004D7A5A /* gameStart.wav in Resources */,
				24AEF94D24FFAD17004D7A5A /* Main.storyboard in Resources */,
				24AEF94424FFAD17004D7A5A /* GameScene.sks in Resources */,
				24AEF94F24FFAD1B004D7A5A /* Assets.xcassets in Resources */,
				24AEF976250408D0004D7A5A /* gameOver.wav in Resources */,
				24AEF9682503F61F004D7A5A /* EnemyExplosion.sks in Resources */,
				24AEF95224FFAD1B004D7A5A /* LaunchScreen.storyboard in Resources */,
				24AEF974250408D0004D7A5A /* shoot.wav in Resources */,
				24AEF975250408D0004D7A5A /* playerHit.wav in Resources */,
				24AEF94624FFAD17004D7A5A /* Actions.sks in Resources */,
			);
			runOnlyForDeploymentPostprocessing = 0;
		};
/* End PBXResourcesBuildPhase section */

/* Begin PBXSourcesBuildPhase section */
		24AEF93A24FFAD17004D7A5A /* Sources */ = {
			isa = PBXSourcesBuildPhase;
			buildActionMask = 2147483647;
			files = (
				24AEF96A25040198004D7A5A /* GameOverScene.swift in Sources */,
				24AEF94824FFAD17004D7A5A /* GameScene.swift in Sources */,
				24AEF962250157F8004D7A5A /* BulletNode.swift in Sources */,
				24AEF94A24FFAD17004D7A5A /* GameViewController.swift in Sources */,
				24AEF95A24FFC032004D7A5A /* PlayerNode.swift in Sources */,
				24AEF94224FFAD17004D7A5A /* AppDelegate.swift in Sources */,
				24AEF960250156EA004D7A5A /* PhysicsCategories.swift in Sources */,
				24AEF95E24FFCF07004D7A5A /* EnemyNode.swift in Sources */,
				24AEF95C24FFC819004D7A5A /* Geometry.swift in Sources */,
				24AEF9642503EA19004D7A5A /* SKNode+Extra.swift in Sources */,
				24AEF96C250404D8004D7A5A /* StartScene.swift in Sources */,
			);
			runOnlyForDeploymentPostprocessing = 0;
		};
/* End PBXSourcesBuildPhase section */

/* Begin PBXVariantGroup section */
		24AEF94B24FFAD17004D7A5A /* Main.storyboard */ = {
			isa = PBXVariantGroup;
			children = (
				24AEF94C24FFAD17004D7A5A /* Base */,
			);
			name = Main.storyboard;
			sourceTree = "<group>";
		};
		24AEF95024FFAD1B004D7A5A /* LaunchScreen.storyboard */ = {
			isa = PBXVariantGroup;
			children = (
				24AEF95124FFAD1B004D7A5A /* Base */,
			);
			name = LaunchScreen.storyboard;
			sourceTree = "<group>";
		};
/* End PBXVariantGroup section */

/* Begin XCBuildConfiguration section */
		24AEF95424FFAD1B004D7A5A /* Debug */ = {
			isa = XCBuildConfiguration;
			buildSettings = {
				ALWAYS_SEARCH_USER_PATHS = NO;
				CLANG_ANALYZER_NONNULL = YES;
				CLANG_ANALYZER_NUMBER_OBJECT_CONVERSION = YES_AGGRESSIVE;
				CLANG_CXX_LANGUAGE_STANDARD = "gnu++14";
				CLANG_CXX_LIBRARY = "libc++";
				CLANG_ENABLE_MODULES = YES;
				CLANG_ENABLE_OBJC_ARC = YES;
				CLANG_ENABLE_OBJC_WEAK = YES;
				CLANG_WARN_BLOCK_CAPTURE_AUTORELEASING = YES;
				CLANG_WARN_BOOL_CONVERSION = YES;
				CLANG_WARN_COMMA = YES;
				CLANG_WARN_CONSTANT_CONVERSION = YES;
				CLANG_WARN_DEPRECATED_OBJC_IMPLEMENTATIONS = YES;
				CLANG_WARN_DIRECT_OBJC_ISA_USAGE = YES_ERROR;
				CLANG_WARN_DOCUMENTATION_COMMENTS = YES;
				CLANG_WARN_EMPTY_BODY = YES;
				CLANG_WARN_ENUM_CONVERSION = YES;
				CLANG_WARN_INFINITE_RECURSION = YES;
				CLANG_WARN_INT_CONVERSION = YES;
				CLANG_WARN_NON_LITERAL_NULL_CONVERSION = YES;
				CLANG_WARN_OBJC_IMPLICIT_RETAIN_SELF = YES;
				CLANG_WARN_OBJC_LITERAL_CONVERSION = YES;
				CLANG_WARN_OBJC_ROOT_CLASS = YES_ERROR;
				CLANG_WARN_RANGE_LOOP_ANALYSIS = YES;
				CLANG_WARN_STRICT_PROTOTYPES = YES;
				CLANG_WARN_SUSPICIOUS_MOVE = YES;
				CLANG_WARN_UNGUARDED_AVAILABILITY = YES_AGGRESSIVE;
				CLANG_WARN_UNREACHABLE_CODE = YES;
				CLANG_WARN__DUPLICATE_METHOD_MATCH = YES;
				COPY_PHASE_STRIP = NO;
				DEBUG_INFORMATION_FORMAT = dwarf;
				ENABLE_STRICT_OBJC_MSGSEND = YES;
				ENABLE_TESTABILITY = YES;
				GCC_C_LANGUAGE_STANDARD = gnu11;
				GCC_DYNAMIC_NO_PIC = NO;
				GCC_NO_COMMON_BLOCKS = YES;
				GCC_OPTIMIZATION_LEVEL = 0;
				GCC_PREPROCESSOR_DEFINITIONS = (
					"DEBUG=1",
					"$(inherited)",
				);
				GCC_WARN_64_TO_32_BIT_CONVERSION = YES;
				GCC_WARN_ABOUT_RETURN_TYPE = YES_ERROR;
				GCC_WARN_UNDECLARED_SELECTOR = YES;
				GCC_WARN_UNINITIALIZED_AUTOS = YES_AGGRESSIVE;
				GCC_WARN_UNUSED_FUNCTION = YES;
				GCC_WARN_UNUSED_VARIABLE = YES;
				IPHONEOS_DEPLOYMENT_TARGET = 13.5;
				MTL_ENABLE_DEBUG_INFO = INCLUDE_SOURCE;
				MTL_FAST_MATH = YES;
				ONLY_ACTIVE_ARCH = YES;
				SDKROOT = iphoneos;
				SWIFT_ACTIVE_COMPILATION_CONDITIONS = DEBUG;
				SWIFT_OPTIMIZATION_LEVEL = "-Onone";
			};
			name = Debug;
		};
		24AEF95524FFAD1B004D7A5A /* Release */ = {
			isa = XCBuildConfiguration;
			buildSettings = {
				ALWAYS_SEARCH_USER_PATHS = NO;
				CLANG_ANALYZER_NONNULL = YES;
				CLANG_ANALYZER_NUMBER_OBJECT_CONVERSION = YES_AGGRESSIVE;
				CLANG_CXX_LANGUAGE_STANDARD = "gnu++14";
				CLANG_CXX_LIBRARY = "libc++";
				CLANG_ENABLE_MODULES = YES;
				CLANG_ENABLE_OBJC_ARC = YES;
				CLANG_ENABLE_OBJC_WEAK = YES;
				CLANG_WARN_BLOCK_CAPTURE_AUTORELEASING = YES;
				CLANG_WARN_BOOL_CONVERSION = YES;
				CLANG_WARN_COMMA = YES;
				CLANG_WARN_CONSTANT_CONVERSION = YES;
				CLANG_WARN_DEPRECATED_OBJC_IMPLEMENTATIONS = YES;
				CLANG_WARN_DIRECT_OBJC_ISA_USAGE = YES_ERROR;
				CLANG_WARN_DOCUMENTATION_COMMENTS = YES;
				CLANG_WARN_EMPTY_BODY = YES;
				CLANG_WARN_ENUM_CONVERSION = YES;
				CLANG_WARN_INFINITE_RECURSION = YES;
				CLANG_WARN_INT_CONVERSION = YES;
				CLANG_WARN_NON_LITERAL_NULL_CONVERSION = YES;
				CLANG_WARN_OBJC_IMPLICIT_RETAIN_SELF = YES;
				CLANG_WARN_OBJC_LITERAL_CONVERSION = YES;
				CLANG_WARN_OBJC_ROOT_CLASS = YES_ERROR;
				CLANG_WARN_RANGE_LOOP_ANALYSIS = YES;
				CLANG_WARN_STRICT_PROTOTYPES = YES;
				CLANG_WARN_SUSPICIOUS_MOVE = YES;
				CLANG_WARN_UNGUARDED_AVAILABILITY = YES_AGGRESSIVE;
				CLANG_WARN_UNREACHABLE_CODE = YES;
				CLANG_WARN__DUPLICATE_METHOD_MATCH = YES;
				COPY_PHASE_STRIP = NO;
				DEBUG_INFORMATION_FORMAT = "dwarf-with-dsym";
				ENABLE_NS_ASSERTIONS = NO;
				ENABLE_STRICT_OBJC_MSGSEND = YES;
				GCC_C_LANGUAGE_STANDARD = gnu11;
				GCC_NO_COMMON_BLOCKS = YES;
				GCC_WARN_64_TO_32_BIT_CONVERSION = YES;
				GCC_WARN_ABOUT_RETURN_TYPE = YES_ERROR;
				GCC_WARN_UNDECLARED_SELECTOR = YES;
				GCC_WARN_UNINITIALIZED_AUTOS = YES_AGGRESSIVE;
				GCC_WARN_UNUSED_FUNCTION = YES;
				GCC_WARN_UNUSED_VARIABLE = YES;
				IPHONEOS_DEPLOYMENT_TARGET = 13.5;
				MTL_ENABLE_DEBUG_INFO = NO;
				MTL_FAST_MATH = YES;
				SDKROOT = iphoneos;
				SWIFT_COMPILATION_MODE = wholemodule;
				SWIFT_OPTIMIZATION_LEVEL = "-O";
				VALIDATE_PRODUCT = YES;
			};
			name = Release;
		};
		24AEF95724FFAD1B004D7A5A /* Debug */ = {
			isa = XCBuildConfiguration;
			buildSettings = {
				ASSETCATALOG_COMPILER_APPICON_NAME = AppIcon;
				CODE_SIGN_STYLE = Automatic;
				DEVELOPMENT_TEAM = JX58TZDTX7;
				INFOPLIST_FILE = TextShooter/Info.plist;
				LD_RUNPATH_SEARCH_PATHS = (
					"$(inherited)",
					"@executable_path/Frameworks",
				);
				PRODUCT_BUNDLE_IDENTIFIER = blade8323.TextShooter;
				PRODUCT_NAME = "$(TARGET_NAME)";
				SWIFT_VERSION = 5.0;
				TARGETED_DEVICE_FAMILY = "1,2";
			};
			name = Debug;
		};
		24AEF95824FFAD1B004D7A5A /* Release */ = {
			isa = XCBuildConfiguration;
			buildSettings = {
				ASSETCATALOG_COMPILER_APPICON_NAME = AppIcon;
				CODE_SIGN_STYLE = Automatic;
				DEVELOPMENT_TEAM = JX58TZDTX7;
				INFOPLIST_FILE = TextShooter/Info.plist;
				LD_RUNPATH_SEARCH_PATHS = (
					"$(inherited)",
					"@executable_path/Frameworks",
				);
				PRODUCT_BUNDLE_IDENTIFIER = blade8323.TextShooter;
				PRODUCT_NAME = "$(TARGET_NAME)";
				SWIFT_VERSION = 5.0;
				TARGETED_DEVICE_FAMILY = "1,2";
			};
			name = Release;
		};
/* End XCBuildConfiguration section */

/* Begin XCConfigurationList section */
		24AEF93924FFAD17004D7A5A /* Build configuration list for PBXProject "TextShooter" */ = {
			isa = XCConfigurationList;
			buildConfigurations = (
				24AEF95424FFAD1B004D7A5A /* Debug */,
				24AEF95524FFAD1B004D7A5A /* Release */,
			);
			defaultConfigurationIsVisible = 0;
			defaultConfigurationName = Release;
		};
		24AEF95624FFAD1B004D7A5A /* Build configuration list for PBXNativeTarget "TextShooter" */ = {
			isa = XCConfigurationList;
			buildConfigurations = (
				24AEF95724FFAD1B004D7A5A /* Debug */,
				24AEF95824FFAD1B004D7A5A /* Release */,
			);
			defaultConfigurationIsVisible = 0;
			defaultConfigurationName = Release;
		};
/* End XCConfigurationList section */
	};
	rootObject = 24AEF93624FFAD17004D7A5A /* Project object */;
}
